// !$*UTF8*$!
{
	archiveVersion = 1;
	classes = {
	};
	objectVersion = 46;
	objects = {

/* Begin PBXBuildFile section */
		2461E0971EA818BA00B60E86 /* SinchVerification.framework in Frameworks */ = {isa = PBXBuildFile; fileRef = 24BA27C51EA8175D00E0D058 /* SinchVerification.framework */; };
		2461E0981EA818BA00B60E86 /* SinchVerification.framework in Embed Frameworks */ = {isa = PBXBuildFile; fileRef = 24BA27C51EA8175D00E0D058 /* SinchVerification.framework */; settings = {ATTRIBUTES = (CodeSignOnCopy, RemoveHeadersOnCopy, ); }; };
		2464D28D1E9D4EFB006010C7 /* AppDelegate.swift in Sources */ = {isa = PBXBuildFile; fileRef = 2464D28C1E9D4EFB006010C7 /* AppDelegate.swift */; };
		2464D28F1E9D4EFB006010C7 /* LoginVC.swift in Sources */ = {isa = PBXBuildFile; fileRef = 2464D28E1E9D4EFB006010C7 /* LoginVC.swift */; };
		2464D2921E9D4EFB006010C7 /* Main.storyboard in Resources */ = {isa = PBXBuildFile; fileRef = 2464D2901E9D4EFB006010C7 /* Main.storyboard */; };
		2464D2941E9D4EFB006010C7 /* Assets.xcassets in Resources */ = {isa = PBXBuildFile; fileRef = 2464D2931E9D4EFB006010C7 /* Assets.xcassets */; };
		2464D2971E9D4EFB006010C7 /* LaunchScreen.storyboard in Resources */ = {isa = PBXBuildFile; fileRef = 2464D2951E9D4EFB006010C7 /* LaunchScreen.storyboard */; };
		2464D2A21E9D4EFB006010C7 /* FriendlyTalkTests.swift in Sources */ = {isa = PBXBuildFile; fileRef = 2464D2A11E9D4EFB006010C7 /* FriendlyTalkTests.swift */; };
		2464D2AD1E9D4EFB006010C7 /* FriendlyTalkUITests.swift in Sources */ = {isa = PBXBuildFile; fileRef = 2464D2AC1E9D4EFB006010C7 /* FriendlyTalkUITests.swift */; };
		248185831EA06A620017A12C /* GoogleService-Info.plist in Resources */ = {isa = PBXBuildFile; fileRef = 248185821EA06A620017A12C /* GoogleService-Info.plist */; };
		248185861EA148A40017A12C /* RegisterVC.swift in Sources */ = {isa = PBXBuildFile; fileRef = 248185851EA148A40017A12C /* RegisterVC.swift */; };
		248185A91EA1701C0017A12C /* Pods_FriendlyTalk.framework in Frameworks */ = {isa = PBXBuildFile; fileRef = 248185A81EA1701C0017A12C /* Pods_FriendlyTalk.framework */; };
		248185B81EA1CAD70017A12C /* VerifyVC.swift in Sources */ = {isa = PBXBuildFile; fileRef = 248185B71EA1CAD70017A12C /* VerifyVC.swift */; };
		248185BE1EA2B5C30017A12C /* RepealBanned.swift in Sources */ = {isa = PBXBuildFile; fileRef = 248185BD1EA2B5C30017A12C /* RepealBanned.swift */; };
		248185C21EA2F2400017A12C /* Alert.swift in Sources */ = {isa = PBXBuildFile; fileRef = 248185C11EA2F2400017A12C /* Alert.swift */; };
		24BA27BA1EA6BADC00E0D058 /* ChatTableCell.swift in Sources */ = {isa = PBXBuildFile; fileRef = 24BA27B91EA6BADC00E0D058 /* ChatTableCell.swift */; };
		24BA27C01EA6BB6100E0D058 /* ChatVC.swift in Sources */ = {isa = PBXBuildFile; fileRef = 24BA27BF1EA6BB6100E0D058 /* ChatVC.swift */; };
		24BA27C21EA6BB7900E0D058 /* ChatTableVC.swift in Sources */ = {isa = PBXBuildFile; fileRef = 24BA27C11EA6BB7900E0D058 /* ChatTableVC.swift */; };
		24BA27C41EA6C4E300E0D058 /* Person.swift in Sources */ = {isa = PBXBuildFile; fileRef = 24BA27C31EA6C4E300E0D058 /* Person.swift */; };
		24BA27C61EA8175D00E0D058 /* SinchVerification.framework in Frameworks */ = {isa = PBXBuildFile; fileRef = 24BA27C51EA8175D00E0D058 /* SinchVerification.framework */; };
		415BF5EF5E74D78859C64D61 /* Pods_FriendlyTalk.framework in Frameworks */ = {isa = PBXBuildFile; fileRef = 9EA730806F7B52CBACFC5851 /* Pods_FriendlyTalk.framework */; };
		9DAB6343E25E0688A0C6087B /* Pods_FriendlyTalkTests.framework in Frameworks */ = {isa = PBXBuildFile; fileRef = 0A95C50A1584E27E338FD0C1 /* Pods_FriendlyTalkTests.framework */; };
		EFA61AFA8F525AA30C773541 /* Pods_FriendlyTalkUITests.framework in Frameworks */ = {isa = PBXBuildFile; fileRef = 881D61D7C42DE68453E35371 /* Pods_FriendlyTalkUITests.framework */; };
/* End PBXBuildFile section */

/* Begin PBXContainerItemProxy section */
		2464D29E1E9D4EFB006010C7 /* PBXContainerItemProxy */ = {
			isa = PBXContainerItemProxy;
			containerPortal = 2464D2811E9D4EFB006010C7 /* Project object */;
			proxyType = 1;
			remoteGlobalIDString = 2464D2881E9D4EFB006010C7;
			remoteInfo = FriendlyTalk;
		};
		2464D2A91E9D4EFB006010C7 /* PBXContainerItemProxy */ = {
			isa = PBXContainerItemProxy;
			containerPortal = 2464D2811E9D4EFB006010C7 /* Project object */;
			proxyType = 1;
			remoteGlobalIDString = 2464D2881E9D4EFB006010C7;
			remoteInfo = FriendlyTalk;
		};
/* End PBXContainerItemProxy section */

/* Begin PBXCopyFilesBuildPhase section */
		2461E0991EA818BB00B60E86 /* Embed Frameworks */ = {
			isa = PBXCopyFilesBuildPhase;
			buildActionMask = 2147483647;
			dstPath = "";
			dstSubfolderSpec = 10;
			files = (
				2461E0981EA818BA00B60E86 /* SinchVerification.framework in Embed Frameworks */,
			);
			name = "Embed Frameworks";
			runOnlyForDeploymentPostprocessing = 0;
		};
/* End PBXCopyFilesBuildPhase section */

/* Begin PBXFileReference section */
		0A2D1FE030C2E93485A62107 /* Pods-FriendlyTalk.release.xcconfig */ = {isa = PBXFileReference; includeInIndex = 1; lastKnownFileType = text.xcconfig; name = "Pods-FriendlyTalk.release.xcconfig"; path = "Pods/Target Support Files/Pods-FriendlyTalk/Pods-FriendlyTalk.release.xcconfig"; sourceTree = "<group>"; };
		0A95C50A1584E27E338FD0C1 /* Pods_FriendlyTalkTests.framework */ = {isa = PBXFileReference; explicitFileType = wrapper.framework; includeInIndex = 0; path = Pods_FriendlyTalkTests.framework; sourceTree = BUILT_PRODUCTS_DIR; };
		2464D2891E9D4EFB006010C7 /* FriendlyTalk.app */ = {isa = PBXFileReference; explicitFileType = wrapper.application; includeInIndex = 0; path = FriendlyTalk.app; sourceTree = BUILT_PRODUCTS_DIR; };
		2464D28C1E9D4EFB006010C7 /* AppDelegate.swift */ = {isa = PBXFileReference; lastKnownFileType = sourcecode.swift; path = AppDelegate.swift; sourceTree = "<group>"; };
		2464D28E1E9D4EFB006010C7 /* LoginVC.swift */ = {isa = PBXFileReference; lastKnownFileType = sourcecode.swift; name = LoginVC.swift; path = FriendlyTalk/LoginVC.swift; sourceTree = "<group>"; };
		2464D2911E9D4EFB006010C7 /* Base */ = {isa = PBXFileReference; lastKnownFileType = file.storyboard; name = Base; path = Base.lproj/Main.storyboard; sourceTree = "<group>"; };
		2464D2931E9D4EFB006010C7 /* Assets.xcassets */ = {isa = PBXFileReference; lastKnownFileType = folder.assetcatalog; path = Assets.xcassets; sourceTree = "<group>"; };
		2464D2961E9D4EFB006010C7 /* Base */ = {isa = PBXFileReference; lastKnownFileType = file.storyboard; name = Base; path = Base.lproj/LaunchScreen.storyboard; sourceTree = "<group>"; };
		2464D2981E9D4EFB006010C7 /* Info.plist */ = {isa = PBXFileReference; lastKnownFileType = text.plist.xml; path = Info.plist; sourceTree = "<group>"; };
		2464D29D1E9D4EFB006010C7 /* FriendlyTalkTests.xctest */ = {isa = PBXFileReference; explicitFileType = wrapper.cfbundle; includeInIndex = 0; path = FriendlyTalkTests.xctest; sourceTree = BUILT_PRODUCTS_DIR; };
		2464D2A11E9D4EFB006010C7 /* FriendlyTalkTests.swift */ = {isa = PBXFileReference; lastKnownFileType = sourcecode.swift; path = FriendlyTalkTests.swift; sourceTree = "<group>"; };
		2464D2A31E9D4EFB006010C7 /* Info.plist */ = {isa = PBXFileReference; lastKnownFileType = text.plist.xml; path = Info.plist; sourceTree = "<group>"; };
		2464D2A81E9D4EFB006010C7 /* FriendlyTalkUITests.xctest */ = {isa = PBXFileReference; explicitFileType = wrapper.cfbundle; includeInIndex = 0; path = FriendlyTalkUITests.xctest; sourceTree = BUILT_PRODUCTS_DIR; };
		2464D2AC1E9D4EFB006010C7 /* FriendlyTalkUITests.swift */ = {isa = PBXFileReference; lastKnownFileType = sourcecode.swift; path = FriendlyTalkUITests.swift; sourceTree = "<group>"; };
		2464D2AE1E9D4EFB006010C7 /* Info.plist */ = {isa = PBXFileReference; lastKnownFileType = text.plist.xml; path = Info.plist; sourceTree = "<group>"; };
		248185821EA06A620017A12C /* GoogleService-Info.plist */ = {isa = PBXFileReference; fileEncoding = 4; lastKnownFileType = text.plist.xml; path = "GoogleService-Info.plist"; sourceTree = SOURCE_ROOT; };
		248185851EA148A40017A12C /* RegisterVC.swift */ = {isa = PBXFileReference; fileEncoding = 4; lastKnownFileType = sourcecode.swift; name = RegisterVC.swift; path = ../RegisterVC.swift; sourceTree = "<group>"; };
		248185A81EA1701C0017A12C /* Pods_FriendlyTalk.framework */ = {isa = PBXFileReference; lastKnownFileType = wrapper.framework; name = Pods_FriendlyTalk.framework; path = "../../../Library/Developer/Xcode/DerivedData/FriendlyTalk-govbmhsnvvnkjkcjigjyemosrmcy/Build/Products/Debug-iphonesimulator/Pods_FriendlyTalk.framework"; sourceTree = "<group>"; };
		248185B71EA1CAD70017A12C /* VerifyVC.swift */ = {isa = PBXFileReference; fileEncoding = 4; lastKnownFileType = sourcecode.swift; name = VerifyVC.swift; path = ../VerifyVC.swift; sourceTree = "<group>"; };
		248185BD1EA2B5C30017A12C /* RepealBanned.swift */ = {isa = PBXFileReference; fileEncoding = 4; lastKnownFileType = sourcecode.swift; path = RepealBanned.swift; sourceTree = "<group>"; };
		248185C11EA2F2400017A12C /* Alert.swift */ = {isa = PBXFileReference; fileEncoding = 4; lastKnownFileType = sourcecode.swift; path = Alert.swift; sourceTree = "<group>"; };
		24BA27B91EA6BADC00E0D058 /* ChatTableCell.swift */ = {isa = PBXFileReference; fileEncoding = 4; lastKnownFileType = sourcecode.swift; path = ChatTableCell.swift; sourceTree = "<group>"; };
		24BA27BF1EA6BB6100E0D058 /* ChatVC.swift */ = {isa = PBXFileReference; fileEncoding = 4; lastKnownFileType = sourcecode.swift; path = ChatVC.swift; sourceTree = "<group>"; };
		24BA27C11EA6BB7900E0D058 /* ChatTableVC.swift */ = {isa = PBXFileReference; fileEncoding = 4; lastKnownFileType = sourcecode.swift; path = ChatTableVC.swift; sourceTree = "<group>"; };
		24BA27C31EA6C4E300E0D058 /* Person.swift */ = {isa = PBXFileReference; fileEncoding = 4; lastKnownFileType = sourcecode.swift; path = Person.swift; sourceTree = "<group>"; };
		24BA27C51EA8175D00E0D058 /* SinchVerification.framework */ = {isa = PBXFileReference; lastKnownFileType = wrapper.framework; name = SinchVerification.framework; path = "../../../Library/Developer/Xcode/DerivedData/FriendlyTalk-govbmhsnvvnkjkcjigjyemosrmcy/Build/Products/Debug-iphoneos/SinchVerification-Swift/SinchVerification.framework"; sourceTree = "<group>"; };
		78BB8AC271BB1569EB27D851 /* Pods-FriendlyTalkUITests.release.xcconfig */ = {isa = PBXFileReference; includeInIndex = 1; lastKnownFileType = text.xcconfig; name = "Pods-FriendlyTalkUITests.release.xcconfig"; path = "Pods/Target Support Files/Pods-FriendlyTalkUITests/Pods-FriendlyTalkUITests.release.xcconfig"; sourceTree = "<group>"; };
		881D61D7C42DE68453E35371 /* Pods_FriendlyTalkUITests.framework */ = {isa = PBXFileReference; explicitFileType = wrapper.framework; includeInIndex = 0; path = Pods_FriendlyTalkUITests.framework; sourceTree = BUILT_PRODUCTS_DIR; };
		95AE0D100D4A14E21D3D11A5 /* Pods-FriendlyTalk.debug.xcconfig */ = {isa = PBXFileReference; includeInIndex = 1; lastKnownFileType = text.xcconfig; name = "Pods-FriendlyTalk.debug.xcconfig"; path = "Pods/Target Support Files/Pods-FriendlyTalk/Pods-FriendlyTalk.debug.xcconfig"; sourceTree = "<group>"; };
		9EA730806F7B52CBACFC5851 /* Pods_FriendlyTalk.framework */ = {isa = PBXFileReference; explicitFileType = wrapper.framework; includeInIndex = 0; path = Pods_FriendlyTalk.framework; sourceTree = BUILT_PRODUCTS_DIR; };
		A2FF9D64C37DCBA7D4E12CF8 /* Pods-FriendlyTalkTests.release.xcconfig */ = {isa = PBXFileReference; includeInIndex = 1; lastKnownFileType = text.xcconfig; name = "Pods-FriendlyTalkTests.release.xcconfig"; path = "Pods/Target Support Files/Pods-FriendlyTalkTests/Pods-FriendlyTalkTests.release.xcconfig"; sourceTree = "<group>"; };
		A9861DC1BEAC9D39AAD559C7 /* Pods-FriendlyTalkUITests.debug.xcconfig */ = {isa = PBXFileReference; includeInIndex = 1; lastKnownFileType = text.xcconfig; name = "Pods-FriendlyTalkUITests.debug.xcconfig"; path = "Pods/Target Support Files/Pods-FriendlyTalkUITests/Pods-FriendlyTalkUITests.debug.xcconfig"; sourceTree = "<group>"; };
		BCA4E72F3CC395FD209B387C /* Pods-FriendlyTalkTests.debug.xcconfig */ = {isa = PBXFileReference; includeInIndex = 1; lastKnownFileType = text.xcconfig; name = "Pods-FriendlyTalkTests.debug.xcconfig"; path = "Pods/Target Support Files/Pods-FriendlyTalkTests/Pods-FriendlyTalkTests.debug.xcconfig"; sourceTree = "<group>"; };
/* End PBXFileReference section */

/* Begin PBXFrameworksBuildPhase section */
		2464D2861E9D4EFB006010C7 /* Frameworks */ = {
			isa = PBXFrameworksBuildPhase;
			buildActionMask = 2147483647;
			files = (
				24BA27C61EA8175D00E0D058 /* SinchVerification.framework in Frameworks */,
				248185A91EA1701C0017A12C /* Pods_FriendlyTalk.framework in Frameworks */,
				415BF5EF5E74D78859C64D61 /* Pods_FriendlyTalk.framework in Frameworks */,
				2461E0971EA818BA00B60E86 /* SinchVerification.framework in Frameworks */,
			);
			runOnlyForDeploymentPostprocessing = 0;
		};
		2464D29A1E9D4EFB006010C7 /* Frameworks */ = {
			isa = PBXFrameworksBuildPhase;
			buildActionMask = 2147483647;
			files = (
				9DAB6343E25E0688A0C6087B /* Pods_FriendlyTalkTests.framework in Frameworks */,
			);
			runOnlyForDeploymentPostprocessing = 0;
		};
		2464D2A51E9D4EFB006010C7 /* Frameworks */ = {
			isa = PBXFrameworksBuildPhase;
			buildActionMask = 2147483647;
			files = (
				EFA61AFA8F525AA30C773541 /* Pods_FriendlyTalkUITests.framework in Frameworks */,
			);
			runOnlyForDeploymentPostprocessing = 0;
		};
/* End PBXFrameworksBuildPhase section */

/* Begin PBXGroup section */
		2464D2801E9D4EFB006010C7 = {
			isa = PBXGroup;
			children = (
				2464D28B1E9D4EFB006010C7 /* FriendlyTalk */,
				2464D2A01E9D4EFB006010C7 /* FriendlyTalkTests */,
				2464D2AB1E9D4EFB006010C7 /* FriendlyTalkUITests */,
				2464D28A1E9D4EFB006010C7 /* Products */,
				9F9D7B835DEE84E49B725E54 /* Pods */,
				85CF3B8E5036C7FC9BECAEC7 /* Frameworks */,
			);
			sourceTree = "<group>";
		};
		2464D28A1E9D4EFB006010C7 /* Products */ = {
			isa = PBXGroup;
			children = (
				2464D2891E9D4EFB006010C7 /* FriendlyTalk.app */,
				2464D29D1E9D4EFB006010C7 /* FriendlyTalkTests.xctest */,
				2464D2A81E9D4EFB006010C7 /* FriendlyTalkUITests.xctest */,
			);
			name = Products;
			sourceTree = "<group>";
		};
		2464D28B1E9D4EFB006010C7 /* FriendlyTalk */ = {
			isa = PBXGroup;
			children = (
				248185841EA1485D0017A12C /* Login */,
				248185BC1EA2B5790017A12C /* Register */,
				248185BF1EA2B5F90017A12C /* Chat */,
				248185BB1EA2A3210017A12C /* Models */,
				248185C01EA2F2230017A12C /* Services */,
				2464D28C1E9D4EFB006010C7 /* AppDelegate.swift */,
				248185821EA06A620017A12C /* GoogleService-Info.plist */,
				2464D2901E9D4EFB006010C7 /* Main.storyboard */,
				2464D2931E9D4EFB006010C7 /* Assets.xcassets */,
				2464D2951E9D4EFB006010C7 /* LaunchScreen.storyboard */,
				2464D2981E9D4EFB006010C7 /* Info.plist */,
			);
			path = FriendlyTalk;
			sourceTree = "<group>";
		};
		2464D2A01E9D4EFB006010C7 /* FriendlyTalkTests */ = {
			isa = PBXGroup;
			children = (
				2464D2A11E9D4EFB006010C7 /* FriendlyTalkTests.swift */,
				2464D2A31E9D4EFB006010C7 /* Info.plist */,
			);
			path = FriendlyTalkTests;
			sourceTree = "<group>";
		};
		2464D2AB1E9D4EFB006010C7 /* FriendlyTalkUITests */ = {
			isa = PBXGroup;
			children = (
				2464D2AC1E9D4EFB006010C7 /* FriendlyTalkUITests.swift */,
				2464D2AE1E9D4EFB006010C7 /* Info.plist */,
			);
			path = FriendlyTalkUITests;
			sourceTree = "<group>";
		};
		248185841EA1485D0017A12C /* Login */ = {
			isa = PBXGroup;
			children = (
				2464D28E1E9D4EFB006010C7 /* LoginVC.swift */,
				248185BD1EA2B5C30017A12C /* RepealBanned.swift */,
			);
			name = Login;
			path = ..;
			sourceTree = "<group>";
		};
		248185BB1EA2A3210017A12C /* Models */ = {
			isa = PBXGroup;
			children = (
				24BA27C31EA6C4E300E0D058 /* Person.swift */,
			);
			name = Models;
			sourceTree = "<group>";
		};
		248185BC1EA2B5790017A12C /* Register */ = {
			isa = PBXGroup;
			children = (
				248185851EA148A40017A12C /* RegisterVC.swift */,
				248185B71EA1CAD70017A12C /* VerifyVC.swift */,
			);
			name = Register;
			sourceTree = "<group>";
		};
		248185BF1EA2B5F90017A12C /* Chat */ = {
			isa = PBXGroup;
			children = (
				24BA27B91EA6BADC00E0D058 /* ChatTableCell.swift */,
				24BA27BF1EA6BB6100E0D058 /* ChatVC.swift */,
				24BA27C11EA6BB7900E0D058 /* ChatTableVC.swift */,
			);
			name = Chat;
			path = ..;
			sourceTree = "<group>";
		};
		248185C01EA2F2230017A12C /* Services */ = {
			isa = PBXGroup;
			children = (
				248185C11EA2F2400017A12C /* Alert.swift */,
			);
			name = Services;
			sourceTree = "<group>";
		};
		85CF3B8E5036C7FC9BECAEC7 /* Frameworks */ = {
			isa = PBXGroup;
			children = (
				24BA27C51EA8175D00E0D058 /* SinchVerification.framework */,
				248185A81EA1701C0017A12C /* Pods_FriendlyTalk.framework */,
				9EA730806F7B52CBACFC5851 /* Pods_FriendlyTalk.framework */,
				0A95C50A1584E27E338FD0C1 /* Pods_FriendlyTalkTests.framework */,
				881D61D7C42DE68453E35371 /* Pods_FriendlyTalkUITests.framework */,
			);
			name = Frameworks;
			sourceTree = "<group>";
		};
		9F9D7B835DEE84E49B725E54 /* Pods */ = {
			isa = PBXGroup;
			children = (
				95AE0D100D4A14E21D3D11A5 /* Pods-FriendlyTalk.debug.xcconfig */,
				0A2D1FE030C2E93485A62107 /* Pods-FriendlyTalk.release.xcconfig */,
				BCA4E72F3CC395FD209B387C /* Pods-FriendlyTalkTests.debug.xcconfig */,
				A2FF9D64C37DCBA7D4E12CF8 /* Pods-FriendlyTalkTests.release.xcconfig */,
				A9861DC1BEAC9D39AAD559C7 /* Pods-FriendlyTalkUITests.debug.xcconfig */,
				78BB8AC271BB1569EB27D851 /* Pods-FriendlyTalkUITests.release.xcconfig */,
			);
			name = Pods;
			sourceTree = "<group>";
		};
/* End PBXGroup section */

/* Begin PBXNativeTarget section */
		2464D2881E9D4EFB006010C7 /* FriendlyTalk */ = {
			isa = PBXNativeTarget;
			buildConfigurationList = 2464D2B11E9D4EFB006010C7 /* Build configuration list for PBXNativeTarget "FriendlyTalk" */;
			buildPhases = (
				CDEFF9646142C70AFF5655E4 /* [CP] Check Pods Manifest.lock */,
				2464D2851E9D4EFB006010C7 /* Sources */,
				2464D2861E9D4EFB006010C7 /* Frameworks */,
				2464D2871E9D4EFB006010C7 /* Resources */,
				A104110A05710DEE60E28D5A /* [CP] Embed Pods Frameworks */,
				E3C9B28CE3BB9C3BFBCFB799 /* [CP] Copy Pods Resources */,
				2461E0991EA818BB00B60E86 /* Embed Frameworks */,
			);
			buildRules = (
			);
			dependencies = (
			);
			name = FriendlyTalk;
			productName = FriendlyTalk;
			productReference = 2464D2891E9D4EFB006010C7 /* FriendlyTalk.app */;
			productType = "com.apple.product-type.application";
		};
		2464D29C1E9D4EFB006010C7 /* FriendlyTalkTests */ = {
			isa = PBXNativeTarget;
			buildConfigurationList = 2464D2B41E9D4EFB006010C7 /* Build configuration list for PBXNativeTarget "FriendlyTalkTests" */;
			buildPhases = (
				5BBB5D7AB491BA6CA58B4139 /* [CP] Check Pods Manifest.lock */,
				2464D2991E9D4EFB006010C7 /* Sources */,
				2464D29A1E9D4EFB006010C7 /* Frameworks */,
				2464D29B1E9D4EFB006010C7 /* Resources */,
				011F7E41C82C08D14F0D26C5 /* [CP] Embed Pods Frameworks */,
				02C925678A33984809AE0759 /* [CP] Copy Pods Resources */,
			);
			buildRules = (
			);
			dependencies = (
				2464D29F1E9D4EFB006010C7 /* PBXTargetDependency */,
			);
			name = FriendlyTalkTests;
			productName = FriendlyTalkTests;
			productReference = 2464D29D1E9D4EFB006010C7 /* FriendlyTalkTests.xctest */;
			productType = "com.apple.product-type.bundle.unit-test";
		};
		2464D2A71E9D4EFB006010C7 /* FriendlyTalkUITests */ = {
			isa = PBXNativeTarget;
			buildConfigurationList = 2464D2B71E9D4EFB006010C7 /* Build configuration list for PBXNativeTarget "FriendlyTalkUITests" */;
			buildPhases = (
				1A2F9B3913CA06401B2AE064 /* [CP] Check Pods Manifest.lock */,
				2464D2A41E9D4EFB006010C7 /* Sources */,
				2464D2A51E9D4EFB006010C7 /* Frameworks */,
				2464D2A61E9D4EFB006010C7 /* Resources */,
				2204EF47E8A25F9F7D6C7D15 /* [CP] Embed Pods Frameworks */,
				2FF401B3870C537EAF311A9B /* [CP] Copy Pods Resources */,
			);
			buildRules = (
			);
			dependencies = (
				2464D2AA1E9D4EFB006010C7 /* PBXTargetDependency */,
			);
			name = FriendlyTalkUITests;
			productName = FriendlyTalkUITests;
			productReference = 2464D2A81E9D4EFB006010C7 /* FriendlyTalkUITests.xctest */;
			productType = "com.apple.product-type.bundle.ui-testing";
		};
/* End PBXNativeTarget section */

/* Begin PBXProject section */
		2464D2811E9D4EFB006010C7 /* Project object */ = {
			isa = PBXProject;
			attributes = {
				LastSwiftUpdateCheck = 0830;
				LastUpgradeCheck = 0830;
				ORGANIZATIONNAME = "Andrew Le";
				TargetAttributes = {
					2464D2881E9D4EFB006010C7 = {
						CreatedOnToolsVersion = 8.3.1;
						DevelopmentTeam = Y692F89PT8;
						LastSwiftMigration = 0830;
						ProvisioningStyle = Automatic;
					};
					2464D29C1E9D4EFB006010C7 = {
						CreatedOnToolsVersion = 8.3.1;
						ProvisioningStyle = Automatic;
						TestTargetID = 2464D2881E9D4EFB006010C7;
					};
					2464D2A71E9D4EFB006010C7 = {
						CreatedOnToolsVersion = 8.3.1;
						ProvisioningStyle = Automatic;
						TestTargetID = 2464D2881E9D4EFB006010C7;
					};
				};
			};
			buildConfigurationList = 2464D2841E9D4EFB006010C7 /* Build configuration list for PBXProject "FriendlyTalk" */;
			compatibilityVersion = "Xcode 3.2";
			developmentRegion = English;
			hasScannedForEncodings = 0;
			knownRegions = (
				en,
				Base,
			);
			mainGroup = 2464D2801E9D4EFB006010C7;
			productRefGroup = 2464D28A1E9D4EFB006010C7 /* Products */;
			projectDirPath = "";
			projectRoot = "";
			targets = (
				2464D2881E9D4EFB006010C7 /* FriendlyTalk */,
				2464D29C1E9D4EFB006010C7 /* FriendlyTalkTests */,
				2464D2A71E9D4EFB006010C7 /* FriendlyTalkUITests */,
			);
		};
/* End PBXProject section */

/* Begin PBXResourcesBuildPhase section */
		2464D2871E9D4EFB006010C7 /* Resources */ = {
			isa = PBXResourcesBuildPhase;
			buildActionMask = 2147483647;
			files = (
				2464D2971E9D4EFB006010C7 /* LaunchScreen.storyboard in Resources */,
				248185831EA06A620017A12C /* GoogleService-Info.plist in Resources */,
				2464D2941E9D4EFB006010C7 /* Assets.xcassets in Resources */,
				2464D2921E9D4EFB006010C7 /* Main.storyboard in Resources */,
			);
			runOnlyForDeploymentPostprocessing = 0;
		};
		2464D29B1E9D4EFB006010C7 /* Resources */ = {
			isa = PBXResourcesBuildPhase;
			buildActionMask = 2147483647;
			files = (
			);
			runOnlyForDeploymentPostprocessing = 0;
		};
		2464D2A61E9D4EFB006010C7 /* Resources */ = {
			isa = PBXResourcesBuildPhase;
			buildActionMask = 2147483647;
			files = (
			);
			runOnlyForDeploymentPostprocessing = 0;
		};
/* End PBXResourcesBuildPhase section */

/* Begin PBXShellScriptBuildPhase section */
		011F7E41C82C08D14F0D26C5 /* [CP] Embed Pods Frameworks */ = {
			isa = PBXShellScriptBuildPhase;
			buildActionMask = 2147483647;
			files = (
			);
			inputPaths = (
			);
			name = "[CP] Embed Pods Frameworks";
			outputPaths = (
			);
			runOnlyForDeploymentPostprocessing = 0;
			shellPath = /bin/sh;
			shellScript = "\"${SRCROOT}/Pods/Target Support Files/Pods-FriendlyTalkTests/Pods-FriendlyTalkTests-frameworks.sh\"\n";
			showEnvVarsInLog = 0;
		};
		02C925678A33984809AE0759 /* [CP] Copy Pods Resources */ = {
			isa = PBXShellScriptBuildPhase;
			buildActionMask = 2147483647;
			files = (
			);
			inputPaths = (
			);
			name = "[CP] Copy Pods Resources";
			outputPaths = (
			);
			runOnlyForDeploymentPostprocessing = 0;
			shellPath = /bin/sh;
			shellScript = "\"${SRCROOT}/Pods/Target Support Files/Pods-FriendlyTalkTests/Pods-FriendlyTalkTests-resources.sh\"\n";
			showEnvVarsInLog = 0;
		};
		1A2F9B3913CA06401B2AE064 /* [CP] Check Pods Manifest.lock */ = {
			isa = PBXShellScriptBuildPhase;
			buildActionMask = 2147483647;
			files = (
			);
			inputPaths = (
			);
			name = "[CP] Check Pods Manifest.lock";
			outputPaths = (
			);
			runOnlyForDeploymentPostprocessing = 0;
			shellPath = /bin/sh;
			shellScript = "diff \"${PODS_PODFILE_DIR_PATH}/Podfile.lock\" \"${PODS_ROOT}/Manifest.lock\" > /dev/null\nif [ $? != 0 ] ; then\n    # print error to STDERR\n    echo \"error: The sandbox is not in sync with the Podfile.lock. Run 'pod install' or update your CocoaPods installation.\" >&2\n    exit 1\nfi\n";
			showEnvVarsInLog = 0;
		};
		2204EF47E8A25F9F7D6C7D15 /* [CP] Embed Pods Frameworks */ = {
			isa = PBXShellScriptBuildPhase;
			buildActionMask = 2147483647;
			files = (
			);
			inputPaths = (
			);
			name = "[CP] Embed Pods Frameworks";
			outputPaths = (
			);
			runOnlyForDeploymentPostprocessing = 0;
			shellPath = /bin/sh;
			shellScript = "\"${SRCROOT}/Pods/Target Support Files/Pods-FriendlyTalkUITests/Pods-FriendlyTalkUITests-frameworks.sh\"\n";
			showEnvVarsInLog = 0;
		};
		2FF401B3870C537EAF311A9B /* [CP] Copy Pods Resources */ = {
			isa = PBXShellScriptBuildPhase;
			buildActionMask = 2147483647;
			files = (
			);
			inputPaths = (
			);
			name = "[CP] Copy Pods Resources";
			outputPaths = (
			);
			runOnlyForDeploymentPostprocessing = 0;
			shellPath = /bin/sh;
			shellScript = "\"${SRCROOT}/Pods/Target Support Files/Pods-FriendlyTalkUITests/Pods-FriendlyTalkUITests-resources.sh\"\n";
			showEnvVarsInLog = 0;
		};
		5BBB5D7AB491BA6CA58B4139 /* [CP] Check Pods Manifest.lock */ = {
			isa = PBXShellScriptBuildPhase;
			buildActionMask = 2147483647;
			files = (
			);
			inputPaths = (
			);
			name = "[CP] Check Pods Manifest.lock";
			outputPaths = (
			);
			runOnlyForDeploymentPostprocessing = 0;
			shellPath = /bin/sh;
			shellScript = "diff \"${PODS_PODFILE_DIR_PATH}/Podfile.lock\" \"${PODS_ROOT}/Manifest.lock\" > /dev/null\nif [ $? != 0 ] ; then\n    # print error to STDERR\n    echo \"error: The sandbox is not in sync with the Podfile.lock. Run 'pod install' or update your CocoaPods installation.\" >&2\n    exit 1\nfi\n";
			showEnvVarsInLog = 0;
		};
		A104110A05710DEE60E28D5A /* [CP] Embed Pods Frameworks */ = {
			isa = PBXShellScriptBuildPhase;
			buildActionMask = 2147483647;
			files = (
			);
			inputPaths = (
			);
			name = "[CP] Embed Pods Frameworks";
			outputPaths = (
			);
			runOnlyForDeploymentPostprocessing = 0;
			shellPath = /bin/sh;
			shellScript = "\"${SRCROOT}/Pods/Target Support Files/Pods-FriendlyTalk/Pods-FriendlyTalk-frameworks.sh\"\n";
			showEnvVarsInLog = 0;
		};
		CDEFF9646142C70AFF5655E4 /* [CP] Check Pods Manifest.lock */ = {
			isa = PBXShellScriptBuildPhase;
			buildActionMask = 2147483647;
			files = (
			);
			inputPaths = (
			);
			name = "[CP] Check Pods Manifest.lock";
			outputPaths = (
			);
			runOnlyForDeploymentPostprocessing = 0;
			shellPath = /bin/sh;
			shellScript = "diff \"${PODS_PODFILE_DIR_PATH}/Podfile.lock\" \"${PODS_ROOT}/Manifest.lock\" > /dev/null\nif [ $? != 0 ] ; then\n    # print error to STDERR\n    echo \"error: The sandbox is not in sync with the Podfile.lock. Run 'pod install' or update your CocoaPods installation.\" >&2\n    exit 1\nfi\n";
			showEnvVarsInLog = 0;
		};
		E3C9B28CE3BB9C3BFBCFB799 /* [CP] Copy Pods Resources */ = {
			isa = PBXShellScriptBuildPhase;
			buildActionMask = 2147483647;
			files = (
			);
			inputPaths = (
			);
			name = "[CP] Copy Pods Resources";
			outputPaths = (
			);
			runOnlyForDeploymentPostprocessing = 0;
			shellPath = /bin/sh;
			shellScript = "\"${SRCROOT}/Pods/Target Support Files/Pods-FriendlyTalk/Pods-FriendlyTalk-resources.sh\"\n";
			showEnvVarsInLog = 0;
		};
/* End PBXShellScriptBuildPhase section */

/* Begin PBXSourcesBuildPhase section */
		2464D2851E9D4EFB006010C7 /* Sources */ = {
			isa = PBXSourcesBuildPhase;
			buildActionMask = 2147483647;
			files = (
				24BA27C41EA6C4E300E0D058 /* Person.swift in Sources */,
				24BA27C01EA6BB6100E0D058 /* ChatVC.swift in Sources */,
				24BA27C21EA6BB7900E0D058 /* ChatTableVC.swift in Sources */,
				24BA27BA1EA6BADC00E0D058 /* ChatTableCell.swift in Sources */,
				2464D28F1E9D4EFB006010C7 /* LoginVC.swift in Sources */,
				248185B81EA1CAD70017A12C /* VerifyVC.swift in Sources */,
				2464D28D1E9D4EFB006010C7 /* AppDelegate.swift in Sources */,
				248185861EA148A40017A12C /* RegisterVC.swift in Sources */,
				248185BE1EA2B5C30017A12C /* RepealBanned.swift in Sources */,
				248185C21EA2F2400017A12C /* Alert.swift in Sources */,
			);
			runOnlyForDeploymentPostprocessing = 0;
		};
		2464D2991E9D4EFB006010C7 /* Sources */ = {
			isa = PBXSourcesBuildPhase;
			buildActionMask = 2147483647;
			files = (
				2464D2A21E9D4EFB006010C7 /* FriendlyTalkTests.swift in Sources */,
			);
			runOnlyForDeploymentPostprocessing = 0;
		};
		2464D2A41E9D4EFB006010C7 /* Sources */ = {
			isa = PBXSourcesBuildPhase;
			buildActionMask = 2147483647;
			files = (
				2464D2AD1E9D4EFB006010C7 /* FriendlyTalkUITests.swift in Sources */,
			);
			runOnlyForDeploymentPostprocessing = 0;
		};
/* End PBXSourcesBuildPhase section */

/* Begin PBXTargetDependency section */
		2464D29F1E9D4EFB006010C7 /* PBXTargetDependency */ = {
			isa = PBXTargetDependency;
			target = 2464D2881E9D4EFB006010C7 /* FriendlyTalk */;
			targetProxy = 2464D29E1E9D4EFB006010C7 /* PBXContainerItemProxy */;
		};
		2464D2AA1E9D4EFB006010C7 /* PBXTargetDependency */ = {
			isa = PBXTargetDependency;
			target = 2464D2881E9D4EFB006010C7 /* FriendlyTalk */;
			targetProxy = 2464D2A91E9D4EFB006010C7 /* PBXContainerItemProxy */;
		};
/* End PBXTargetDependency section */

/* Begin PBXVariantGroup section */
		2464D2901E9D4EFB006010C7 /* Main.storyboard */ = {
			isa = PBXVariantGroup;
			children = (
				2464D2911E9D4EFB006010C7 /* Base */,
			);
			name = Main.storyboard;
			sourceTree = "<group>";
		};
		2464D2951E9D4EFB006010C7 /* LaunchScreen.storyboard */ = {
			isa = PBXVariantGroup;
			children = (
				2464D2961E9D4EFB006010C7 /* Base */,
			);
			name = LaunchScreen.storyboard;
			sourceTree = "<group>";
		};
/* End PBXVariantGroup section */

/* Begin XCBuildConfiguration section */
		2464D2AF1E9D4EFB006010C7 /* Debug */ = {
			isa = XCBuildConfiguration;
			buildSettings = {
				ALWAYS_SEARCH_USER_PATHS = NO;
				CLANG_ANALYZER_NONNULL = YES;
				CLANG_ANALYZER_NUMBER_OBJECT_CONVERSION = YES_AGGRESSIVE;
				CLANG_CXX_LANGUAGE_STANDARD = "gnu++0x";
				CLANG_CXX_LIBRARY = "libc++";
				CLANG_ENABLE_MODULES = YES;
				CLANG_ENABLE_OBJC_ARC = YES;
				CLANG_WARN_BOOL_CONVERSION = YES;
				CLANG_WARN_CONSTANT_CONVERSION = YES;
				CLANG_WARN_DIRECT_OBJC_ISA_USAGE = YES_ERROR;
				CLANG_WARN_DOCUMENTATION_COMMENTS = YES;
				CLANG_WARN_EMPTY_BODY = YES;
				CLANG_WARN_ENUM_CONVERSION = YES;
				CLANG_WARN_INFINITE_RECURSION = YES;
				CLANG_WARN_INT_CONVERSION = YES;
				CLANG_WARN_OBJC_ROOT_CLASS = YES_ERROR;
				CLANG_WARN_SUSPICIOUS_MOVE = YES;
				CLANG_WARN_UNREACHABLE_CODE = YES;
				CLANG_WARN__DUPLICATE_METHOD_MATCH = YES;
				"CODE_SIGN_IDENTITY[sdk=iphoneos*]" = "iPhone Developer";
				COPY_PHASE_STRIP = NO;
				DEBUG_INFORMATION_FORMAT = dwarf;
				ENABLE_STRICT_OBJC_MSGSEND = YES;
				ENABLE_TESTABILITY = YES;
				GCC_C_LANGUAGE_STANDARD = gnu99;
				GCC_DYNAMIC_NO_PIC = NO;
				GCC_NO_COMMON_BLOCKS = YES;
				GCC_OPTIMIZATION_LEVEL = 0;
				GCC_PREPROCESSOR_DEFINITIONS = (
					"DEBUG=1",
					"$(inherited)",
				);
				GCC_WARN_64_TO_32_BIT_CONVERSION = YES;
				GCC_WARN_ABOUT_RETURN_TYPE = YES_ERROR;
				GCC_WARN_UNDECLARED_SELECTOR = YES;
				GCC_WARN_UNINITIALIZED_AUTOS = YES_AGGRESSIVE;
				GCC_WARN_UNUSED_FUNCTION = YES;
				GCC_WARN_UNUSED_VARIABLE = YES;
				IPHONEOS_DEPLOYMENT_TARGET = 10.3;
				MTL_ENABLE_DEBUG_INFO = YES;
				ONLY_ACTIVE_ARCH = YES;
				SDKROOT = iphoneos;
				SWIFT_ACTIVE_COMPILATION_CONDITIONS = DEBUG;
				SWIFT_OPTIMIZATION_LEVEL = "-Onone";
				TARGETED_DEVICE_FAMILY = "1,2";
			};
			name = Debug;
		};
		2464D2B01E9D4EFB006010C7 /* Release */ = {
			isa = XCBuildConfiguration;
			buildSettings = {
				ALWAYS_SEARCH_USER_PATHS = NO;
				CLANG_ANALYZER_NONNULL = YES;
				CLANG_ANALYZER_NUMBER_OBJECT_CONVERSION = YES_AGGRESSIVE;
				CLANG_CXX_LANGUAGE_STANDARD = "gnu++0x";
				CLANG_CXX_LIBRARY = "libc++";
				CLANG_ENABLE_MODULES = YES;
				CLANG_ENABLE_OBJC_ARC = YES;
				CLANG_WARN_BOOL_CONVERSION = YES;
				CLANG_WARN_CONSTANT_CONVERSION = YES;
				CLANG_WARN_DIRECT_OBJC_ISA_USAGE = YES_ERROR;
				CLANG_WARN_DOCUMENTATION_COMMENTS = YES;
				CLANG_WARN_EMPTY_BODY = YES;
				CLANG_WARN_ENUM_CONVERSION = YES;
				CLANG_WARN_INFINITE_RECURSION = YES;
				CLANG_WARN_INT_CONVERSION = YES;
				CLANG_WARN_OBJC_ROOT_CLASS = YES_ERROR;
				CLANG_WARN_SUSPICIOUS_MOVE = YES;
				CLANG_WARN_UNREACHABLE_CODE = YES;
				CLANG_WARN__DUPLICATE_METHOD_MATCH = YES;
				"CODE_SIGN_IDENTITY[sdk=iphoneos*]" = "iPhone Developer";
				COPY_PHASE_STRIP = NO;
				DEBUG_INFORMATION_FORMAT = "dwarf-with-dsym";
				ENABLE_NS_ASSERTIONS = NO;
				ENABLE_STRICT_OBJC_MSGSEND = YES;
				GCC_C_LANGUAGE_STANDARD = gnu99;
				GCC_NO_COMMON_BLOCKS = YES;
				GCC_WARN_64_TO_32_BIT_CONVERSION = YES;
				GCC_WARN_ABOUT_RETURN_TYPE = YES_ERROR;
				GCC_WARN_UNDECLARED_SELECTOR = YES;
				GCC_WARN_UNINITIALIZED_AUTOS = YES_AGGRESSIVE;
				GCC_WARN_UNUSED_FUNCTION = YES;
				GCC_WARN_UNUSED_VARIABLE = YES;
				IPHONEOS_DEPLOYMENT_TARGET = 10.3;
				MTL_ENABLE_DEBUG_INFO = NO;
				SDKROOT = iphoneos;
				SWIFT_OPTIMIZATION_LEVEL = "-Owholemodule";
				TARGETED_DEVICE_FAMILY = "1,2";
				VALIDATE_PRODUCT = YES;
			};
			name = Release;
		};
		2464D2B21E9D4EFB006010C7 /* Debug */ = {
			isa = XCBuildConfiguration;
			baseConfigurationReference = 95AE0D100D4A14E21D3D11A5 /* Pods-FriendlyTalk.debug.xcconfig */;
			buildSettings = {
				ASSETCATALOG_COMPILER_APPICON_NAME = AppIcon;
				CLANG_ENABLE_MODULES = YES;
				DEVELOPMENT_TEAM = Y692F89PT8;
				FRAMEWORK_SEARCH_PATHS = (
					"$(inherited)",
					"$(PROJECT_DIR)",
				);
				INFOPLIST_FILE = FriendlyTalk/Info.plist;
				LD_RUNPATH_SEARCH_PATHS = "$(inherited) @executable_path/Frameworks";
				LIBRARY_SEARCH_PATHS = (
					"$(inherited)",
					"$(PROJECT_DIR)/lib",
				);
				PRODUCT_BUNDLE_IDENTIFIER = com.Habits.FriendlyTalk;
				PRODUCT_NAME = "$(TARGET_NAME)";
				SWIFT_OBJC_BRIDGING_HEADER = "";
				SWIFT_OPTIMIZATION_LEVEL = "-Onone";
				SWIFT_VERSION = 3.0;
			};
			name = Debug;
		};
		2464D2B31E9D4EFB006010C7 /* Release */ = {
			isa = XCBuildConfiguration;
			baseConfigurationReference = 0A2D1FE030C2E93485A62107 /* Pods-FriendlyTalk.release.xcconfig */;
			buildSettings = {
				ASSETCATALOG_COMPILER_APPICON_NAME = AppIcon;
				CLANG_ENABLE_MODULES = YES;
				DEVELOPMENT_TEAM = Y692F89PT8;
				FRAMEWORK_SEARCH_PATHS = (
					"$(inherited)",
					"$(PROJECT_DIR)",
				);
				INFOPLIST_FILE = FriendlyTalk/Info.plist;
				LD_RUNPATH_SEARCH_PATHS = "$(inherited) @executable_path/Frameworks";
				LIBRARY_SEARCH_PATHS = (
					"$(inherited)",
					"$(PROJECT_DIR)/lib",
				);
				PRODUCT_BUNDLE_IDENTIFIER = com.Habits.FriendlyTalk;
				PRODUCT_NAME = "$(TARGET_NAME)";
				SWIFT_VERSION = 3.0;
			};
			name = Release;
		};
		2464D2B51E9D4EFB006010C7 /* Debug */ = {
			isa = XCBuildConfiguration;
			baseConfigurationReference = BCA4E72F3CC395FD209B387C /* Pods-FriendlyTalkTests.debug.xcconfig */;
			buildSettings = {
				ALWAYS_EMBED_SWIFT_STANDARD_LIBRARIES = YES;
				BUNDLE_LOADER = "$(TEST_HOST)";
				INFOPLIST_FILE = FriendlyTalkTests/Info.plist;
				LD_RUNPATH_SEARCH_PATHS = "$(inherited) @executable_path/Frameworks @loader_path/Frameworks";
				PRODUCT_BUNDLE_IDENTIFIER = com.Habits.FriendlyTalkTests;
				PRODUCT_NAME = "$(TARGET_NAME)";
				SWIFT_VERSION = 3.0;
				TEST_HOST = "$(BUILT_PRODUCTS_DIR)/FriendlyTalk.app/FriendlyTalk";
			};
			name = Debug;
		};
		2464D2B61E9D4EFB006010C7 /* Release */ = {
			isa = XCBuildConfiguration;
			baseConfigurationReference = A2FF9D64C37DCBA7D4E12CF8 /* Pods-FriendlyTalkTests.release.xcconfig */;
			buildSettings = {
				ALWAYS_EMBED_SWIFT_STANDARD_LIBRARIES = YES;
				BUNDLE_LOADER = "$(TEST_HOST)";
				INFOPLIST_FILE = FriendlyTalkTests/Info.plist;
				LD_RUNPATH_SEARCH_PATHS = "$(inherited) @executable_path/Frameworks @loader_path/Frameworks";
				PRODUCT_BUNDLE_IDENTIFIER = com.Habits.FriendlyTalkTests;
				PRODUCT_NAME = "$(TARGET_NAME)";
				SWIFT_VERSION = 3.0;
				TEST_HOST = "$(BUILT_PRODUCTS_DIR)/FriendlyTalk.app/FriendlyTalk";
			};
			name = Release;
		};
		2464D2B81E9D4EFB006010C7 /* Debug */ = {
			isa = XCBuildConfiguration;
			baseConfigurationReference = A9861DC1BEAC9D39AAD559C7 /* Pods-FriendlyTalkUITests.debug.xcconfig */;
			buildSettings = {
				ALWAYS_EMBED_SWIFT_STANDARD_LIBRARIES = YES;
				INFOPLIST_FILE = FriendlyTalkUITests/Info.plist;
				LD_RUNPATH_SEARCH_PATHS = "$(inherited) @executable_path/Frameworks @loader_path/Frameworks";
				PRODUCT_BUNDLE_IDENTIFIER = com.Habits.FriendlyTalkUITests;
				PRODUCT_NAME = "$(TARGET_NAME)";
				SWIFT_VERSION = 3.0;
				TEST_TARGET_NAME = FriendlyTalk;
			};
			name = Debug;
		};
		2464D2B91E9D4EFB006010C7 /* Release */ = {
			isa = XCBuildConfiguration;
			baseConfigurationReference = 78BB8AC271BB1569EB27D851 /* Pods-FriendlyTalkUITests.release.xcconfig */;
			buildSettings = {
				ALWAYS_EMBED_SWIFT_STANDARD_LIBRARIES = YES;
				INFOPLIST_FILE = FriendlyTalkUITests/Info.plist;
				LD_RUNPATH_SEARCH_PATHS = "$(inherited) @executable_path/Frameworks @loader_path/Frameworks";
				PRODUCT_BUNDLE_IDENTIFIER = com.Habits.FriendlyTalkUITests;
				PRODUCT_NAME = "$(TARGET_NAME)";
				SWIFT_VERSION = 3.0;
				TEST_TARGET_NAME = FriendlyTalk;
			};
			name = Release;
		};
/* End XCBuildConfiguration section */

/* Begin XCConfigurationList section */
		2464D2841E9D4EFB006010C7 /* Build configuration list for PBXProject "FriendlyTalk" */ = {
			isa = XCConfigurationList;
			buildConfigurations = (
				2464D2AF1E9D4EFB006010C7 /* Debug */,
				2464D2B01E9D4EFB006010C7 /* Release */,
			);
			defaultConfigurationIsVisible = 0;
			defaultConfigurationName = Release;
		};
		2464D2B11E9D4EFB006010C7 /* Build configuration list for PBXNativeTarget "FriendlyTalk" */ = {
			isa = XCConfigurationList;
			buildConfigurations = (
				2464D2B21E9D4EFB006010C7 /* Debug */,
				2464D2B31E9D4EFB006010C7 /* Release */,
			);
			defaultConfigurationIsVisible = 0;
			defaultConfigurationName = Release;
		};
		2464D2B41E9D4EFB006010C7 /* Build configuration list for PBXNativeTarget "FriendlyTalkTests" */ = {
			isa = XCConfigurationList;
			buildConfigurations = (
				2464D2B51E9D4EFB006010C7 /* Debug */,
				2464D2B61E9D4EFB006010C7 /* Release */,
			);
			defaultConfigurationIsVisible = 0;
			defaultConfigurationName = Release;
		};
		2464D2B71E9D4EFB006010C7 /* Build configuration list for PBXNativeTarget "FriendlyTalkUITests" */ = {
			isa = XCConfigurationList;
			buildConfigurations = (
				2464D2B81E9D4EFB006010C7 /* Debug */,
				2464D2B91E9D4EFB006010C7 /* Release */,
			);
			defaultConfigurationIsVisible = 0;
			defaultConfigurationName = Release;
		};
/* End XCConfigurationList section */
	};
	rootObject = 2464D2811E9D4EFB006010C7 /* Project object */;
}
